// !$*UTF8*$!
{
	archiveVersion = 1;
	classes = {
	};
	objectVersion = 77;
	objects = {

/* Begin PBXBuildFile section */
		CE540D2E2FCD0843006FA974 /* Audio.cpp in Sources */ = {isa = PBXBuildFile; fileRef = CE540D0F2FCD0843006FA974 /* Audio.cpp */; };
		CE540D2F2FCD0843006FA974 /* Time.c in Sources */ = {isa = PBXBuildFile; fileRef = CE540D212FCD0843006FA974 /* Time.c */; };
		CE540D302FCD0843006FA974 /* Video.cpp in Sources */ = {isa = PBXBuildFile; fileRef = CE540D152FCD0843006FA974 /* Video.cpp */; };
		CE540D312FCD0843006FA974 /* FFmpeg.c in Sources */ = {isa = PBXBuildFile; fileRef = CE540D202FCD0843006FA974 /* FFmpeg.c */; };
		CE540D322FCD0843006FA974 /* AudioRender.c in Sources */ = {isa = PBXBuildFile; fileRef = CE540D192FCD0843006FA974 /* AudioRender.c */; };
		CE540D332FCD0843006FA974 /* ImageRender.c in Sources */ = {isa = PBXBuildFile; fileRef = CE540D1B2FCD0843006FA974 /* ImageRender.c */; };
		CE540D342FCD0843006FA974 /* Ors.c in Sources */ = {isa = PBXBuildFile; fileRef = CE540D172FCD0843006FA974 /* Ors.c */; };
		CE540D352FCD0843006FA974 /* UserEvents.c in Sources */ = {isa = PBXBuildFile; fileRef = CE540D222FCD0843006FA974 /* UserEvents.c */; };
		CE540D362FCD0843006FA974 /* Events.cpp in Sources */ = {isa = PBXBuildFile; fileRef = CE540D112FCD0843006FA974 /* Events.cpp */; };
		CE540D372FCD0843006FA974 /* Kotonoha.cpp in Sources */ = {isa = PBXBuildFile; fileRef = CE540D282FCD0843006FA974 /* Kotonoha.cpp */; };
		CE540D382FCD0843006FA974 /* Prompt.cpp in Sources */ = {isa = PBXBuildFile; fileRef = CE540D132FCD0843006FA974 /* Prompt.cpp */; };
		CE540D392FCD0843006FA974 /* Canvas.cpp in Sources */ = {isa = PBXBuildFile; fileRef = CE540D102FCD0843006FA974 /* Canvas.cpp */; };
		CE540D3A2FCD0843006FA974 /* IOS.mm in Sources */ = {isa = PBXBuildFile; fileRef = CE540D262FCD0843006FA974 /* IOS.mm */; };
		CE540D3B2FCD0843006FA974 /* VideoRender.c in Sources */ = {isa = PBXBuildFile; fileRef = CE540D1E2FCD0843006FA974 /* VideoRender.c */; };
		CE540D3C2FCD0843006FA974 /* Gameplay.cpp in Sources */ = {isa = PBXBuildFile; fileRef = CE540D252FCD0843006FA974 /* Gameplay.cpp */; };
		CE540D3D2FCD0843006FA974 /* FPSRender.c in Sources */ = {isa = PBXBuildFile; fileRef = CE540D1A2FCD0843006FA974 /* FPSRender.c */; };
		CE540D3E2FCD0843006FA974 /* TimestampRender.c in Sources */ = {isa = PBXBuildFile; fileRef = CE540D1D2FCD0843006FA974 /* TimestampRender.c */; };
		CE540D3F2FCD0843006FA974 /* Sound.cpp in Sources */ = {isa = PBXBuildFile; fileRef = CE540D142FCD0843006FA974 /* Sound.cpp */; };
		CE540D402FCD0843006FA974 /* TextRender.c in Sources */ = {isa = PBXBuildFile; fileRef = CE540D1C2FCD0843006FA974 /* TextRender.c */; };
		CE540D412FCD0843006FA974 /* Android.cpp in Sources */ = {isa = PBXBuildFile; fileRef = CE540D242FCD0843006FA974 /* Android.cpp */; };
		CE540D422FCD0843006FA974 /* Image.cpp in Sources */ = {isa = PBXBuildFile; fileRef = CE540D122FCD0843006FA974 /* Image.cpp */; };
		CE540E422FCD0CB5006FA974 /* libavcodec.a in Frameworks */ = {isa = PBXBuildFile; fileRef = CE540E2F2FCD0CA9006FA974 /* libavcodec.a */; };
		CE540E432FCD0CB5006FA974 /* libavformat.a in Frameworks */ = {isa = PBXBuildFile; fileRef = CE540E3E2FCD0CA9006FA974 /* libavformat.a */; };
		CE540E442FCD0CB5006FA974 /* libavfilter.a in Frameworks */ = {isa = PBXBuildFile; fileRef = CE540E2B2FCD0CA9006FA974 /* libavfilter.a */; };
		CE540E452FCD0CB5006FA974 /* libswscale.a in Frameworks */ = {isa = PBXBuildFile; fileRef = CE540E282FCD0CA9006FA974 /* libswscale.a */; };
		CE540E462FCD0CB5006FA974 /* libharfbuzz-subset.a in Frameworks */ = {isa = PBXBuildFile; fileRef = CE540E3F2FCD0CA9006FA974 /* libharfbuzz-subset.a */; };
		CE540E472FCD0CB5006FA974 /* libSDL3.a in Frameworks */ = {isa = PBXBuildFile; fileRef = CE540E272FCD0CA9006FA974 /* libSDL3.a */; };
		CE540E482FCD0CB5006FA974 /* libavutil.a in Frameworks */ = {isa = PBXBuildFile; fileRef = CE540E352FCD0CA9006FA974 /* libavutil.a */; };
		CE540E492FCD0CB5006FA974 /* libharfbuzz.a in Frameworks */ = {isa = PBXBuildFile; fileRef = CE540E3D2FCD0CA9006FA974 /* libharfbuzz.a */; };
		CE540E4A2FCD0CB5006FA974 /* libiconv.a in Frameworks */ = {isa = PBXBuildFile; fileRef = CE540E302FCD0CA9006FA974 /* libiconv.a */; };
		CE540E4B2FCD0CB5006FA974 /* libfreetype.a in Frameworks */ = {isa = PBXBuildFile; fileRef = CE540E402FCD0CA9006FA974 /* libfreetype.a */; };
		CE540E4C2FCD0CB5006FA974 /* libbrotlienc.a in Frameworks */ = {isa = PBXBuildFile; fileRef = CE540E3A2FCD0CA9006FA974 /* libbrotlienc.a */; };
		CE540E4D2FCD0CB5006FA974 /* libfontconfig.a in Frameworks */ = {isa = PBXBuildFile; fileRef = CE540E372FCD0CA9006FA974 /* libfontconfig.a */; };
		CE540E4E2FCD0CB5006FA974 /* libswresample.a in Frameworks */ = {isa = PBXBuildFile; fileRef = CE540E412FCD0CA9006FA974 /* libswresample.a */; };
		CE540E4F2FCD0CB5006FA974 /* libavdevice.a in Frameworks */ = {isa = PBXBuildFile; fileRef = CE540E362FCD0CA9006FA974 /* libavdevice.a */; };
		CE540E502FCD0CB5006FA974 /* libpng16.a in Frameworks */ = {isa = PBXBuildFile; fileRef = CE540E3C2FCD0CA9006FA974 /* libpng16.a */; };
		CE540E512FCD0CB5006FA974 /* libass.a in Frameworks */ = {isa = PBXBuildFile; fileRef = CE540E2A2FCD0CA9006FA974 /* libass.a */; };
		CE540E522FCD0CB5006FA974 /* libharfbuzz-vector.a in Frameworks */ = {isa = PBXBuildFile; fileRef = CE540E392FCD0CA9006FA974 /* libharfbuzz-vector.a */; };
		CE540E532FCD0CB5006FA974 /* libexpat.a in Frameworks */ = {isa = PBXBuildFile; fileRef = CE540E2E2FCD0CA9006FA974 /* libexpat.a */; };
		CE540E542FCD0CB5006FA974 /* libharfbuzz-gpu.a in Frameworks */ = {isa = PBXBuildFile; fileRef = CE540E332FCD0CA9006FA974 /* libharfbuzz-gpu.a */; };
		CE540E552FCD0CB5006FA974 /* libunibreak.a in Frameworks */ = {isa = PBXBuildFile; fileRef = CE540E382FCD0CA9006FA974 /* libunibreak.a */; };
		CE540E562FCD0CB5006FA974 /* libSDL3_ttf.a in Frameworks */ = {isa = PBXBuildFile; fileRef = CE540E252FCD0CA9006FA974 /* libSDL3_ttf.a */; };
		CE540E572FCD0CB5006FA974 /* libfribidi.a in Frameworks */ = {isa = PBXBuildFile; fileRef = CE540E2C2FCD0CA9006FA974 /* libfribidi.a */; };
		CE540E582FCD0CB5006FA974 /* libbrotlicommon.a in Frameworks */ = {isa = PBXBuildFile; fileRef = CE540E322FCD0CA9006FA974 /* libbrotlicommon.a */; };
		CE540E592FCD0CB5006FA974 /* libz.a in Frameworks */ = {isa = PBXBuildFile; fileRef = CE540E2D2FCD0CA9006FA974 /* libz.a */; };
		CE540E5A2FCD0CB5006FA974 /* libharfbuzz-raster.a in Frameworks */ = {isa = PBXBuildFile; fileRef = CE540E292FCD0CA9006FA974 /* libharfbuzz-raster.a */; };
		CE540E5B2FCD0CB5006FA974 /* libbz2.a in Frameworks */ = {isa = PBXBuildFile; fileRef = CE540E3B2FCD0CA9006FA974 /* libbz2.a */; };
		CE540E5C2FCD0CB5006FA974 /* libbrotlidec.a in Frameworks */ = {isa = PBXBuildFile; fileRef = CE540E342FCD0CA9006FA974 /* libbrotlidec.a */; };
		CE540E5D2FCD0CB5006FA974 /* libuuid.a in Frameworks */ = {isa = PBXBuildFile; fileRef = CE540E262FCD0CA9006FA974 /* libuuid.a */; };
		CE540E5E2FCD0CB5006FA974 /* libcharset.a in Frameworks */ = {isa = PBXBuildFile; fileRef = CE540E312FCD0CA9006FA974 /* libcharset.a */; };
		CEE78CE42FCC3A450002CB9B /* CoreAudio.framework in Frameworks */ = {isa = PBXBuildFile; fileRef = CEE78CD82FCC3A450002CB9B /* CoreAudio.framework */; };
		CEE78CE52FCC3A450002CB9B /* CoreBluetooth.framework in Frameworks */ = {isa = PBXBuildFile; fileRef = CEE78CD92FCC3A450002CB9B /* CoreBluetooth.framework */; };
		CEE78CE62FCC3A450002CB9B /* CoreGraphics.framework in Frameworks */ = {isa = PBXBuildFile; fileRef = CEE78CDA2FCC3A450002CB9B /* CoreGraphics.framework */; };
		CEE78CE72FCC3A450002CB9B /* CoreText.framework in Frameworks */ = {isa = PBXBuildFile; fileRef = CEE78CDB2FCC3A450002CB9B /* CoreText.framework */; };
		CEE78CE82FCC3A450002CB9B /* CoreVideo.framework in Frameworks */ = {isa = PBXBuildFile; fileRef = CEE78CDC2FCC3A450002CB9B /* CoreVideo.framework */; };
		CEE78CE92FCC3A450002CB9B /* AudioToolbox.framework in Frameworks */ = {isa = PBXBuildFile; fileRef = CEE78CDD2FCC3A450002CB9B /* AudioToolbox.framework */; };
		CEE78CEA2FCC3A450002CB9B /* Foundation.framework in Frameworks */ = {isa = PBXBuildFile; fileRef = CEE78CDE2FCC3A450002CB9B /* Foundation.framework */; };
		CEE78CEB2FCC3A450002CB9B /* AVFoundation.framework in Frameworks */ = {isa = PBXBuildFile; fileRef = CEE78CDF2FCC3A450002CB9B /* AVFoundation.framework */; };
		CEE78CED2FCC3A450002CB9B /* Accelerate.framework in Frameworks */ = {isa = PBXBuildFile; fileRef = CEE78CE12FCC3A450002CB9B /* Accelerate.framework */; };
		CEE78CEE2FCC3A450002CB9B /* CoreHaptics.framework in Frameworks */ = {isa = PBXBuildFile; fileRef = CEE78CE22FCC3A450002CB9B /* CoreHaptics.framework */; };
		CEE78CEF2FCC3A450002CB9B /* CoreMedia.framework in Frameworks */ = {isa = PBXBuildFile; fileRef = CEE78CE32FCC3A450002CB9B /* CoreMedia.framework */; };
		CEE78CF02FCC3A5E0002CB9B /* CoreGraphics.framework in Frameworks */ = {isa = PBXBuildFile; fileRef = CEE78CDA2FCC3A450002CB9B /* CoreGraphics.framework */; };
		CEE78CF12FCC3A670002CB9B /* CoreAudio.framework in Frameworks */ = {isa = PBXBuildFile; fileRef = CEE78CD82FCC3A450002CB9B /* CoreAudio.framework */; };
		CEE78CF32FCC3A6E0002CB9B /* GameController.framework in Frameworks */ = {isa = PBXBuildFile; fileRef = CEE78CF22FCC3A6E0002CB9B /* GameController.framework */; };
		CEE78CF52FCC3A7D0002CB9B /* Metal.framework in Frameworks */ = {isa = PBXBuildFile; fileRef = CEE78CF42FCC3A7D0002CB9B /* Metal.framework */; };
		CEE78CF92FCC3A8E0002CB9B /* OpenGLES.framework in Frameworks */ = {isa = PBXBuildFile; fileRef = CEE78CF82FCC3A8E0002CB9B /* OpenGLES.framework */; };
		CEE78CFB2FCC3A9B0002CB9B /* VideoToolbox.framework in Frameworks */ = {isa = PBXBuildFile; fileRef = CEE78CFA2FCC3A9B0002CB9B /* VideoToolbox.framework */; };
		CEE78CFD2FCC3AE40002CB9B /* QuartzCore.framework in Frameworks */ = {isa = PBXBuildFile; fileRef = CEE78CFC2FCC3AE40002CB9B /* QuartzCore.framework */; };
		CEE78CFF2FCC3AF40002CB9B /* CoreMotion.framework in Frameworks */ = {isa = PBXBuildFile; fileRef = CEE78CFE2FCC3AF40002CB9B /* CoreMotion.framework */; };
		CEE78D002FCC3B570002CB9B /* UIKit.framework in Frameworks */ = {isa = PBXBuildFile; fileRef = CEE78CF62FCC3A850002CB9B /* UIKit.framework */; };
/* End PBXBuildFile section */

/* Begin PBXFileReference section */
		CE540CF52FCD0736006FA974 /* Info.plist */ = {isa = PBXFileReference; lastKnownFileType = text.plist.xml; path = Info.plist; sourceTree = "<group>"; };
		CE540D0F2FCD0843006FA974 /* Audio.cpp */ = {isa = PBXFileReference; lastKnownFileType = sourcecode.cpp.cpp; path = Audio.cpp; sourceTree = "<group>"; };
		CE540D102FCD0843006FA974 /* Canvas.cpp */ = {isa = PBXFileReference; lastKnownFileType = sourcecode.cpp.cpp; path = Canvas.cpp; sourceTree = "<group>"; };
		CE540D112FCD0843006FA974 /* Events.cpp */ = {isa = PBXFileReference; lastKnownFileType = sourcecode.cpp.cpp; path = Events.cpp; sourceTree = "<group>"; };
		CE540D122FCD0843006FA974 /* Image.cpp */ = {isa = PBXFileReference; lastKnownFileType = sourcecode.cpp.cpp; path = Image.cpp; sourceTree = "<group>"; };
		CE540D132FCD0843006FA974 /* Prompt.cpp */ = {isa = PBXFileReference; lastKnownFileType = sourcecode.cpp.cpp; path = Prompt.cpp; sourceTree = "<group>"; };
		CE540D142FCD0843006FA974 /* Sound.cpp */ = {isa = PBXFileReference; lastKnownFileType = sourcecode.cpp.cpp; path = Sound.cpp; sourceTree = "<group>"; };
		CE540D152FCD0843006FA974 /* Video.cpp */ = {isa = PBXFileReference; lastKnownFileType = sourcecode.cpp.cpp; path = Video.cpp; sourceTree = "<group>"; };
		CE540D172FCD0843006FA974 /* Ors.c */ = {isa = PBXFileReference; lastKnownFileType = sourcecode.c.c; path = Ors.c; sourceTree = "<group>"; };
		CE540D192FCD0843006FA974 /* AudioRender.c */ = {isa = PBXFileReference; lastKnownFileType = sourcecode.c.c; path = AudioRender.c; sourceTree = "<group>"; };
		CE540D1A2FCD0843006FA974 /* FPSRender.c */ = {isa = PBXFileReference; lastKnownFileType = sourcecode.c.c; path = FPSRender.c; sourceTree = "<group>"; };
		CE540D1B2FCD0843006FA974 /* ImageRender.c */ = {isa = PBXFileReference; lastKnownFileType = sourcecode.c.c; path = ImageRender.c; sourceTree = "<group>"; };
		CE540D1C2FCD0843006FA974 /* TextRender.c */ = {isa = PBXFileReference; lastKnownFileType = sourcecode.c.c; path = TextRender.c; sourceTree = "<group>"; };
		CE540D1D2FCD0843006FA974 /* TimestampRender.c */ = {isa = PBXFileReference; lastKnownFileType = sourcecode.c.c; path = TimestampRender.c; sourceTree = "<group>"; };
		CE540D1E2FCD0843006FA974 /* VideoRender.c */ = {isa = PBXFileReference; lastKnownFileType = sourcecode.c.c; path = VideoRender.c; sourceTree = "<group>"; };
		CE540D202FCD0843006FA974 /* FFmpeg.c */ = {isa = PBXFileReference; lastKnownFileType = sourcecode.c.c; path = FFmpeg.c; sourceTree = "<group>"; };
		CE540D212FCD0843006FA974 /* Time.c */ = {isa = PBXFileReference; lastKnownFileType = sourcecode.c.c; path = Time.c; sourceTree = "<group>"; };
		CE540D222FCD0843006FA974 /* UserEvents.c */ = {isa = PBXFileReference; lastKnownFileType = sourcecode.c.c; path = UserEvents.c; sourceTree = "<group>"; };
		CE540D242FCD0843006FA974 /* Android.cpp */ = {isa = PBXFileReference; lastKnownFileType = sourcecode.cpp.cpp; path = Android.cpp; sourceTree = "<group>"; };
		CE540D252FCD0843006FA974 /* Gameplay.cpp */ = {isa = PBXFileReference; lastKnownFileType = sourcecode.cpp.cpp; path = Gameplay.cpp; sourceTree = "<group>"; };
		CE540D262FCD0843006FA974 /* IOS.mm */ = {isa = PBXFileReference; lastKnownFileType = sourcecode.cpp.objcpp; path = IOS.mm; sourceTree = "<group>"; };
		CE540D272FCD0843006FA974 /* Kotonoha.aps */ = {isa = PBXFileReference; lastKnownFileType = file; path = Kotonoha.aps; sourceTree = "<group>"; };
		CE540D282FCD0843006FA974 /* Kotonoha.cpp */ = {isa = PBXFileReference; lastKnownFileType = sourcecode.cpp.cpp; path = Kotonoha.cpp; sourceTree = "<group>"; };
		CE540D292FCD0843006FA974 /* Kotonoha.rc */ = {isa = PBXFileReference; lastKnownFileType = text; path = Kotonoha.rc; sourceTree = "<group>"; };
		CE540D2A2FCD0843006FA974 /* resource.h */ = {isa = PBXFileReference; lastKnownFileType = sourcecode.c.h; path = resource.h; sourceTree = "<group>"; };
		CE540D8E2FCD0B1C006FA974 /* Audio.hpp */ = {isa = PBXFileReference; lastKnownFileType = sourcecode.cpp.h; path = Audio.hpp; sourceTree = "<group>"; };
		CE540D8F2FCD0B1C006FA974 /* Canvas.hpp */ = {isa = PBXFileReference; lastKnownFileType = sourcecode.cpp.h; path = Canvas.hpp; sourceTree = "<group>"; };
		CE540D902FCD0B1C006FA974 /* Events.hpp */ = {isa = PBXFileReference; lastKnownFileType = sourcecode.cpp.h; path = Events.hpp; sourceTree = "<group>"; };
		CE540D912FCD0B1C006FA974 /* Image.hpp */ = {isa = PBXFileReference; lastKnownFileType = sourcecode.cpp.h; path = Image.hpp; sourceTree = "<group>"; };
		CE540D922FCD0B1C006FA974 /* Prompt.hpp */ = {isa = PBXFileReference; lastKnownFileType = sourcecode.cpp.h; path = Prompt.hpp; sourceTree = "<group>"; };
		CE540D932FCD0B1C006FA974 /* Sound.hpp */ = {isa = PBXFileReference; lastKnownFileType = sourcecode.cpp.h; path = Sound.hpp; sourceTree = "<group>"; };
		CE540D942FCD0B1C006FA974 /* Video.hpp */ = {isa = PBXFileReference; lastKnownFileType = sourcecode.cpp.h; path = Video.hpp; sourceTree = "<group>"; };
		CE540D962FCD0B1C006FA974 /* Ors.h */ = {isa = PBXFileReference; lastKnownFileType = sourcecode.c.h; path = Ors.h; sourceTree = "<group>"; };
		CE540D982FCD0B1C006FA974 /* AudioRender.h */ = {isa = PBXFileReference; lastKnownFileType = sourcecode.c.h; path = AudioRender.h; sourceTree = "<group>"; };
		CE540D992FCD0B1C006FA974 /* FPSRender.h */ = {isa = PBXFileReference; lastKnownFileType = sourcecode.c.h; path = FPSRender.h; sourceTree = "<group>"; };
		CE540D9A2FCD0B1C006FA974 /* ImageRender.h */ = {isa = PBXFileReference; lastKnownFileType = sourcecode.c.h; path = ImageRender.h; sourceTree = "<group>"; };
		CE540D9B2FCD0B1C006FA974 /* TextRender.h */ = {isa = PBXFileReference; lastKnownFileType = sourcecode.c.h; path = TextRender.h; sourceTree = "<group>"; };
		CE540D9C2FCD0B1C006FA974 /* TimestampRender.h */ = {isa = PBXFileReference; lastKnownFileType = sourcecode.c.h; path = TimestampRender.h; sourceTree = "<group>"; };
		CE540D9D2FCD0B1C006FA974 /* VideoRender.h */ = {isa = PBXFileReference; lastKnownFileType = sourcecode.c.h; path = VideoRender.h; sourceTree = "<group>"; };
		CE540D9F2FCD0B1C006FA974 /* FFmpeg.h */ = {isa = PBXFileReference; lastKnownFileType = sourcecode.c.h; path = FFmpeg.h; sourceTree = "<group>"; };
		CE540DA02FCD0B1C006FA974 /* Time.h */ = {isa = PBXFileReference; lastKnownFileType = sourcecode.c.h; path = Time.h; sourceTree = "<group>"; };
		CE540DA12FCD0B1C006FA974 /* UserEvents.h */ = {isa = PBXFileReference; lastKnownFileType = sourcecode.c.h; path = UserEvents.h; sourceTree = "<group>"; };
		CE540DA32FCD0B1C006FA974 /* Gameplay.hpp */ = {isa = PBXFileReference; lastKnownFileType = sourcecode.cpp.h; path = Gameplay.hpp; sourceTree = "<group>"; };
		CE540DA42FCD0B1C006FA974 /* Kotonoha.h */ = {isa = PBXFileReference; lastKnownFileType = sourcecode.c.h; path = Kotonoha.h; sourceTree = "<group>"; };
		CE540DA52FCD0B1C006FA974 /* Kotonoha.hpp */ = {isa = PBXFileReference; lastKnownFileType = sourcecode.cpp.h; path = Kotonoha.hpp; sourceTree = "<group>"; };
		CE540DA62FCD0B1C006FA974 /* version.h */ = {isa = PBXFileReference; lastKnownFileType = sourcecode.c.h; path = version.h; sourceTree = "<group>"; };
		CE540E252FCD0CA9006FA974 /* libSDL3_ttf.a */ = {isa = PBXFileReference; lastKnownFileType = archive.ar; name = libSDL3_ttf.a; path = "../vcpkg_installed/arm64-ios/lib/libSDL3_ttf.a"; sourceTree = "<group>"; };
		CE540E262FCD0CA9006FA974 /* libuuid.a */ = {isa = PBXFileReference; lastKnownFileType = archive.ar; name = libuuid.a; path = "../vcpkg_installed/arm64-ios/lib/libuuid.a"; sourceTree = "<group>"; };
		CE540E272FCD0CA9006FA974 /* libSDL3.a */ = {isa = PBXFileReference; lastKnownFileType = archive.ar; name = libSDL3.a; path = "../vcpkg_installed/arm64-ios/lib/libSDL3.a"; sourceTree = "<group>"; };
		CE540E282FCD0CA9006FA974 /* libswscale.a */ = {isa = PBXFileReference; lastKnownFileType = archive.ar; name = libswscale.a; path = "../vcpkg_installed/arm64-ios/lib/libswscale.a"; sourceTree = "<group>"; };
		CE540E292FCD0CA9006FA974 /* libharfbuzz-raster.a */ = {isa = PBXFileReference; lastKnownFileType = archive.ar; name = "libharfbuzz-raster.a"; path = "../vcpkg_installed/arm64-ios/lib/libharfbuzz-raster.a"; sourceTree = "<group>"; };
		CE540E2A2FCD0CA9006FA974 /* libass.a */ = {isa = PBXFileReference; lastKnownFileType = archive.ar; name = libass.a; path = "../vcpkg_installed/arm64-ios/lib/libass.a"; sourceTree = "<group>"; };
		CE540E2B2FCD0CA9006FA974 /* libavfilter.a */ = {isa = PBXFileReference; lastKnownFileType = archive.ar; name = libavfilter.a; path = "../vcpkg_installed/arm64-ios/lib/libavfilter.a"; sourceTree = "<group>"; };
		CE540E2C2FCD0CA9006FA974 /* libfribidi.a */ = {isa = PBXFileReference; lastKnownFileType = archive.ar; name = libfribidi.a; path = "../vcpkg_installed/arm64-ios/lib/libfribidi.a"; sourceTree = "<group>"; };
		CE540E2D2FCD0CA9006FA974 /* libz.a */ = {isa = PBXFileReference; lastKnownFileType = archive.ar; name = libz.a; path = "../vcpkg_installed/arm64-ios/lib/libz.a"; sourceTree = "<group>"; };
		CE540E2E2FCD0CA9006FA974 /* libexpat.a */ = {isa = PBXFileReference; lastKnownFileType = archive.ar; name = libexpat.a; path = "../vcpkg_installed/arm64-ios/lib/libexpat.a"; sourceTree = "<group>"; };
		CE540E2F2FCD0CA9006FA974 /* libavcodec.a */ = {isa = PBXFileReference; lastKnownFileType = archive.ar; name = libavcodec.a; path = "../vcpkg_installed/arm64-ios/lib/libavcodec.a"; sourceTree = "<group>"; };
		CE540E302FCD0CA9006FA974 /* libiconv.a */ = {isa = PBXFileReference; lastKnownFileType = archive.ar; name = libiconv.a; path = "../vcpkg_installed/arm64-ios/lib/libiconv.a"; sourceTree = "<group>"; };
		CE540E312FCD0CA9006FA974 /* libcharset.a */ = {isa = PBXFileReference; lastKnownFileType = archive.ar; name = libcharset.a; path = "../vcpkg_installed/arm64-ios/lib/libcharset.a"; sourceTree = "<group>"; };
		CE540E322FCD0CA9006FA974 /* libbrotlicommon.a */ = {isa = PBXFileReference; lastKnownFileType = archive.ar; name = libbrotlicommon.a; path = "../vcpkg_installed/arm64-ios/lib/libbrotlicommon.a"; sourceTree = "<group>"; };
		CE540E332FCD0CA9006FA974 /* libharfbuzz-gpu.a */ = {isa = PBXFileReference; lastKnownFileType = archive.ar; name = "libharfbuzz-gpu.a"; path = "../vcpkg_installed/arm64-ios/lib/libharfbuzz-gpu.a"; sourceTree = "<group>"; };
		CE540E342FCD0CA9006FA974 /* libbrotlidec.a */ = {isa = PBXFileReference; lastKnownFileType = archive.ar; name = libbrotlidec.a; path = "../vcpkg_installed/arm64-ios/lib/libbrotlidec.a"; sourceTree = "<group>"; };
		CE540E352FCD0CA9006FA974 /* libavutil.a */ = {isa = PBXFileReference; lastKnownFileType = archive.ar; name = libavutil.a; path = "../vcpkg_installed/arm64-ios/lib/libavutil.a"; sourceTree = "<group>"; };
		CE540E362FCD0CA9006FA974 /* libavdevice.a */ = {isa = PBXFileReference; lastKnownFileType = archive.ar; name = libavdevice.a; path = "../vcpkg_installed/arm64-ios/lib/libavdevice.a"; sourceTree = "<group>"; };
		CE540E372FCD0CA9006FA974 /* libfontconfig.a */ = {isa = PBXFileReference; lastKnownFileType = archive.ar; name = libfontconfig.a; path = "../vcpkg_installed/arm64-ios/lib/libfontconfig.a"; sourceTree = "<group>"; };
		CE540E382FCD0CA9006FA974 /* libunibreak.a */ = {isa = PBXFileReference; lastKnownFileType = archive.ar; name = libunibreak.a; path = "../vcpkg_installed/arm64-ios/lib/libunibreak.a"; sourceTree = "<group>"; };
		CE540E392FCD0CA9006FA974 /* libharfbuzz-vector.a */ = {isa = PBXFileReference; lastKnownFileType = archive.ar; name = "libharfbuzz-vector.a"; path = "../vcpkg_installed/arm64-ios/lib/libharfbuzz-vector.a"; sourceTree = "<group>"; };
		CE540E3A2FCD0CA9006FA974 /* libbrotlienc.a */ = {isa = PBXFileReference; lastKnownFileType = archive.ar; name = libbrotlienc.a; path = "../vcpkg_installed/arm64-ios/lib/libbrotlienc.a"; sourceTree = "<group>"; };
		CE540E3B2FCD0CA9006FA974 /* libbz2.a */ = {isa = PBXFileReference; lastKnownFileType = archive.ar; name = libbz2.a; path = "../vcpkg_installed/arm64-ios/lib/libbz2.a"; sourceTree = "<group>"; };
		CE540E3C2FCD0CA9006FA974 /* libpng16.a */ = {isa = PBXFileReference; lastKnownFileType = archive.ar; name = libpng16.a; path = "../vcpkg_installed/arm64-ios/lib/libpng16.a"; sourceTree = "<group>"; };
		CE540E3D2FCD0CA9006FA974 /* libharfbuzz.a */ = {isa = PBXFileReference; lastKnownFileType = archive.ar; name = libharfbuzz.a; path = "../vcpkg_installed/arm64-ios/lib/libharfbuzz.a"; sourceTree = "<group>"; };
		CE540E3E2FCD0CA9006FA974 /* libavformat.a */ = {isa = PBXFileReference; lastKnownFileType = archive.ar; name = libavformat.a; path = "../vcpkg_installed/arm64-ios/lib/libavformat.a"; sourceTree = "<group>"; };
		CE540E3F2FCD0CA9006FA974 /* libharfbuzz-subset.a */ = {isa = PBXFileReference; lastKnownFileType = archive.ar; name = "libharfbuzz-subset.a"; path = "../vcpkg_installed/arm64-ios/lib/libharfbuzz-subset.a"; sourceTree = "<group>"; };
		CE540E402FCD0CA9006FA974 /* libfreetype.a */ = {isa = PBXFileReference; lastKnownFileType = archive.ar; name = libfreetype.a; path = "../vcpkg_installed/arm64-ios/lib/libfreetype.a"; sourceTree = "<group>"; };
		CE540E412FCD0CA9006FA974 /* libswresample.a */ = {isa = PBXFileReference; lastKnownFileType = archive.ar; name = libswresample.a; path = "../vcpkg_installed/arm64-ios/lib/libswresample.a"; sourceTree = "<group>"; };
		CEE78C312FCC37E10002CB9B /* KotonohaEngineTest.app */ = {isa = PBXFileReference; explicitFileType = wrapper.application; includeInIndex = 0; path = KotonohaEngineTest.app; sourceTree = BUILT_PRODUCTS_DIR; };
		CEE78CD82FCC3A450002CB9B /* CoreAudio.framework */ = {isa = PBXFileReference; lastKnownFileType = wrapper.framework; name = CoreAudio.framework; path = System/Library/Frameworks/CoreAudio.framework; sourceTree = SDKROOT; };
		CEE78CD92FCC3A450002CB9B /* CoreBluetooth.framework */ = {isa = PBXFileReference; lastKnownFileType = wrapper.framework; name = CoreBluetooth.framework; path = System/Library/Frameworks/CoreBluetooth.framework; sourceTree = SDKROOT; };
		CEE78CDA2FCC3A450002CB9B /* CoreGraphics.framework */ = {isa = PBXFileReference; lastKnownFileType = wrapper.framework; name = CoreGraphics.framework; path = System/Library/Frameworks/CoreGraphics.framework; sourceTree = SDKROOT; };
		CEE78CDB2FCC3A450002CB9B /* CoreText.framework */ = {isa = PBXFileReference; lastKnownFileType = wrapper.framework; name = CoreText.framework; path = System/Library/Frameworks/CoreText.framework; sourceTree = SDKROOT; };
		CEE78CDC2FCC3A450002CB9B /* CoreVideo.framework */ = {isa = PBXFileReference; lastKnownFileType = wrapper.framework; name = CoreVideo.framework; path = System/Library/Frameworks/CoreVideo.framework; sourceTree = SDKROOT; };
		CEE78CDD2FCC3A450002CB9B /* AudioToolbox.framework */ = {isa = PBXFileReference; lastKnownFileType = wrapper.framework; name = AudioToolbox.framework; path = System/Library/Frameworks/AudioToolbox.framework; sourceTree = SDKROOT; };
		CEE78CDE2FCC3A450002CB9B /* Foundation.framework */ = {isa = PBXFileReference; lastKnownFileType = wrapper.framework; name = Foundation.framework; path = System/Library/Frameworks/Foundation.framework; sourceTree = SDKROOT; };
		CEE78CDF2FCC3A450002CB9B /* AVFoundation.framework */ = {isa = PBXFileReference; lastKnownFileType = wrapper.framework; name = AVFoundation.framework; path = System/Library/Frameworks/AVFoundation.framework; sourceTree = SDKROOT; };
		CEE78CE02FCC3A450002CB9B /* GLKit.framework */ = {isa = PBXFileReference; lastKnownFileType = wrapper.framework; name = GLKit.framework; path = System/Library/Frameworks/GLKit.framework; sourceTree = SDKROOT; };
		CEE78CE12FCC3A450002CB9B /* Accelerate.framework */ = {isa = PBXFileReference; lastKnownFileType = wrapper.framework; name = Accelerate.framework; path = System/Library/Frameworks/Accelerate.framework; sourceTree = SDKROOT; };
		CEE78CE22FCC3A450002CB9B /* CoreHaptics.framework */ = {isa = PBXFileReference; lastKnownFileType = wrapper.framework; name = CoreHaptics.framework; path = System/Library/Frameworks/CoreHaptics.framework; sourceTree = SDKROOT; };
		CEE78CE32FCC3A450002CB9B /* CoreMedia.framework */ = {isa = PBXFileReference; lastKnownFileType = wrapper.framework; name = CoreMedia.framework; path = System/Library/Frameworks/CoreMedia.framework; sourceTree = SDKROOT; };
		CEE78CF22FCC3A6E0002CB9B /* GameController.framework */ = {isa = PBXFileReference; lastKnownFileType = wrapper.framework; name = GameController.framework; path = System/Library/Frameworks/GameController.framework; sourceTree = SDKROOT; };
		CEE78CF42FCC3A7D0002CB9B /* Metal.framework */ = {isa = PBXFileReference; lastKnownFileType = wrapper.framework; name = Metal.framework; path = System/Library/Frameworks/Metal.framework; sourceTree = SDKROOT; };
		CEE78CF62FCC3A850002CB9B /* UIKit.framework */ = {isa = PBXFileReference; lastKnownFileType = wrapper.framework; name = UIKit.framework; path = System/Library/Frameworks/UIKit.framework; sourceTree = SDKROOT; };
		CEE78CF82FCC3A8E0002CB9B /* OpenGLES.framework */ = {isa = PBXFileReference; lastKnownFileType = wrapper.framework; name = OpenGLES.framework; path = System/Library/Frameworks/OpenGLES.framework; sourceTree = SDKROOT; };
		CEE78CFA2FCC3A9B0002CB9B /* VideoToolbox.framework */ = {isa = PBXFileReference; lastKnownFileType = wrapper.framework; name = VideoToolbox.framework; path = System/Library/Frameworks/VideoToolbox.framework; sourceTree = SDKROOT; };
		CEE78CFC2FCC3AE40002CB9B /* QuartzCore.framework */ = {isa = PBXFileReference; lastKnownFileType = wrapper.framework; name = QuartzCore.framework; path = System/Library/Frameworks/QuartzCore.framework; sourceTree = SDKROOT; };
		CEE78CFE2FCC3AF40002CB9B /* CoreMotion.framework */ = {isa = PBXFileReference; lastKnownFileType = wrapper.framework; name = CoreMotion.framework; path = System/Library/Frameworks/CoreMotion.framework; sourceTree = SDKROOT; };
/* End PBXFileReference section */

/* Begin PBXFrameworksBuildPhase section */
		CEE78C2E2FCC37E10002CB9B /* Frameworks */ = {
			isa = PBXFrameworksBuildPhase;
			buildActionMask = 2147483647;
			files = (
				CE540E482FCD0CB5006FA974 /* libavutil.a in Frameworks */,
				CEE78D002FCC3B570002CB9B /* UIKit.framework in Frameworks */,
				CE540E4D2FCD0CB5006FA974 /* libfontconfig.a in Frameworks */,
				CEE78CE52FCC3A450002CB9B /* CoreBluetooth.framework in Frameworks */,
				CE540E462FCD0CB5006FA974 /* libharfbuzz-subset.a in Frameworks */,
				CEE78CF92FCC3A8E0002CB9B /* OpenGLES.framework in Frameworks */,
				CE540E502FCD0CB5006FA974 /* libpng16.a in Frameworks */,
				CEE78CF32FCC3A6E0002CB9B /* GameController.framework in Frameworks */,
				CEE78CFB2FCC3A9B0002CB9B /* VideoToolbox.framework in Frameworks */,
				CE540E422FCD0CB5006FA974 /* libavcodec.a in Frameworks */,
				CEE78CE62FCC3A450002CB9B /* CoreGraphics.framework in Frameworks */,
				CEE78CE82FCC3A450002CB9B /* CoreVideo.framework in Frameworks */,
				CE540E5C2FCD0CB5006FA974 /* libbrotlidec.a in Frameworks */,
				CE540E472FCD0CB5006FA974 /* libSDL3.a in Frameworks */,
				CE540E542FCD0CB5006FA974 /* libharfbuzz-gpu.a in Frameworks */,
				CE540E512FCD0CB5006FA974 /* libass.a in Frameworks */,
				CEE78CE72FCC3A450002CB9B /* CoreText.framework in Frameworks */,
				CE540E4C2FCD0CB5006FA974 /* libbrotlienc.a in Frameworks */,
				CE540E562FCD0CB5006FA974 /* libSDL3_ttf.a in Frameworks */,
				CE540E5B2FCD0CB5006FA974 /* libbz2.a in Frameworks */,
				CE540E522FCD0CB5006FA974 /* libharfbuzz-vector.a in Frameworks */,
				CEE78CEA2FCC3A450002CB9B /* Foundation.framework in Frameworks */,
				CE540E582FCD0CB5006FA974 /* libbrotlicommon.a in Frameworks */,
				CEE78CEE2FCC3A450002CB9B /* CoreHaptics.framework in Frameworks */,
				CE540E5A2FCD0CB5006FA974 /* libharfbuzz-raster.a in Frameworks */,
				CE540E4F2FCD0CB5006FA974 /* libavdevice.a in Frameworks */,
				CEE78CF02FCC3A5E0002CB9B /* CoreGraphics.framework in Frameworks */,
				CE540E452FCD0CB5006FA974 /* libswscale.a in Frameworks */,
				CEE78CF12FCC3A670002CB9B /* CoreAudio.framework in Frameworks */,
				CE540E5E2FCD0CB5006FA974 /* libcharset.a in Frameworks */,
				CE540E4B2FCD0CB5006FA974 /* libfreetype.a in Frameworks */,
				CE540E432FCD0CB5006FA974 /* libavformat.a in Frameworks */,
				CE540E442FCD0CB5006FA974 /* libavfilter.a in Frameworks */,
				CEE78CE42FCC3A450002CB9B /* CoreAudio.framework in Frameworks */,
				CE540E552FCD0CB5006FA974 /* libunibreak.a in Frameworks */,
				CEE78CFD2FCC3AE40002CB9B /* QuartzCore.framework in Frameworks */,
				CEE78CED2FCC3A450002CB9B /* Accelerate.framework in Frameworks */,
				CEE78CEF2FCC3A450002CB9B /* CoreMedia.framework in Frameworks */,
				CE540E592FCD0CB5006FA974 /* libz.a in Frameworks */,
				CE540E5D2FCD0CB5006FA974 /* libuuid.a in Frameworks */,
				CE540E572FCD0CB5006FA974 /* libfribidi.a in Frameworks */,
				CE540E532FCD0CB5006FA974 /* libexpat.a in Frameworks */,
				CE540E4A2FCD0CB5006FA974 /* libiconv.a in Frameworks */,
				CE540E492FCD0CB5006FA974 /* libharfbuzz.a in Frameworks */,
				CEE78CEB2FCC3A450002CB9B /* AVFoundation.framework in Frameworks */,
				CEE78CF52FCC3A7D0002CB9B /* Metal.framework in Frameworks */,
				CEE78CFF2FCC3AF40002CB9B /* CoreMotion.framework in Frameworks */,
				CE540E4E2FCD0CB5006FA974 /* libswresample.a in Frameworks */,
				CEE78CE92FCC3A450002CB9B /* AudioToolbox.framework in Frameworks */,
			);
			runOnlyForDeploymentPostprocessing = 0;
		};
/* End PBXFrameworksBuildPhase section */

/* Begin PBXGroup section */
		CE540D162FCD0843006FA974 /* components */ = {
			isa = PBXGroup;
			children = (
				CE540D0F2FCD0843006FA974 /* Audio.cpp */,
				CE540D102FCD0843006FA974 /* Canvas.cpp */,
				CE540D112FCD0843006FA974 /* Events.cpp */,
				CE540D122FCD0843006FA974 /* Image.cpp */,
				CE540D132FCD0843006FA974 /* Prompt.cpp */,
				CE540D142FCD0843006FA974 /* Sound.cpp */,
				CE540D152FCD0843006FA974 /* Video.cpp */,
			);
			path = components;
			sourceTree = "<group>";
		};
		CE540D182FCD0843006FA974 /* parsers */ = {
			isa = PBXGroup;
			children = (
				CE540D172FCD0843006FA974 /* Ors.c */,
			);
			path = parsers;
			sourceTree = "<group>";
		};
		CE540D1F2FCD0843006FA974 /* renders */ = {
			isa = PBXGroup;
			children = (
				CE540D192FCD0843006FA974 /* AudioRender.c */,
				CE540D1A2FCD0843006FA974 /* FPSRender.c */,
				CE540D1B2FCD0843006FA974 /* ImageRender.c */,
				CE540D1C2FCD0843006FA974 /* TextRender.c */,
				CE540D1D2FCD0843006FA974 /* TimestampRender.c */,
				CE540D1E2FCD0843006FA974 /* VideoRender.c */,
			);
			path = renders;
			sourceTree = "<group>";
		};
		CE540D232FCD0843006FA974 /* utils */ = {
			isa = PBXGroup;
			children = (
				CE540D202FCD0843006FA974 /* FFmpeg.c */,
				CE540D212FCD0843006FA974 /* Time.c */,
				CE540D222FCD0843006FA974 /* UserEvents.c */,
			);
			path = utils;
			sourceTree = "<group>";
		};
		CE540D2B2FCD0843006FA974 /* src */ = {
			isa = PBXGroup;
			children = (
				CE540D162FCD0843006FA974 /* components */,
				CE540D182FCD0843006FA974 /* parsers */,
				CE540D1F2FCD0843006FA974 /* renders */,
				CE540D232FCD0843006FA974 /* utils */,
				CE540D242FCD0843006FA974 /* Android.cpp */,
				CE540D252FCD0843006FA974 /* Gameplay.cpp */,
				CE540D262FCD0843006FA974 /* IOS.mm */,
				CE540D272FCD0843006FA974 /* Kotonoha.aps */,
				CE540D282FCD0843006FA974 /* Kotonoha.cpp */,
				CE540D292FCD0843006FA974 /* Kotonoha.rc */,
				CE540D2A2FCD0843006FA974 /* resource.h */,
			);
			name = src;
			path = ../src;
			sourceTree = SOURCE_ROOT;
		};
		CE540D952FCD0B1C006FA974 /* components */ = {
			isa = PBXGroup;
			children = (
				CE540D8E2FCD0B1C006FA974 /* Audio.hpp */,
				CE540D8F2FCD0B1C006FA974 /* Canvas.hpp */,
				CE540D902FCD0B1C006FA974 /* Events.hpp */,
				CE540D912FCD0B1C006FA974 /* Image.hpp */,
				CE540D922FCD0B1C006FA974 /* Prompt.hpp */,
				CE540D932FCD0B1C006FA974 /* Sound.hpp */,
				CE540D942FCD0B1C006FA974 /* Video.hpp */,
			);
			path = components;
			sourceTree = "<group>";
		};
		CE540D972FCD0B1C006FA974 /* parsers */ = {
			isa = PBXGroup;
			children = (
				CE540D962FCD0B1C006FA974 /* Ors.h */,
			);
			path = parsers;
			sourceTree = "<group>";
		};
		CE540D9E2FCD0B1C006FA974 /* renders */ = {
			isa = PBXGroup;
			children = (
				CE540D982FCD0B1C006FA974 /* AudioRender.h */,
				CE540D992FCD0B1C006FA974 /* FPSRender.h */,
				CE540D9A2FCD0B1C006FA974 /* ImageRender.h */,
				CE540D9B2FCD0B1C006FA974 /* TextRender.h */,
				CE540D9C2FCD0B1C006FA974 /* TimestampRender.h */,
				CE540D9D2FCD0B1C006FA974 /* VideoRender.h */,
			);
			path = renders;
			sourceTree = "<group>";
		};
		CE540DA22FCD0B1C006FA974 /* utils */ = {
			isa = PBXGroup;
			children = (
				CE540D9F2FCD0B1C006FA974 /* FFmpeg.h */,
				CE540DA02FCD0B1C006FA974 /* Time.h */,
				CE540DA12FCD0B1C006FA974 /* UserEvents.h */,
			);
			path = utils;
			sourceTree = "<group>";
		};
		CE540DA72FCD0B1C006FA974 /* Kotonoha */ = {
			isa = PBXGroup;
			children = (
				CE540D952FCD0B1C006FA974 /* components */,
				CE540D972FCD0B1C006FA974 /* parsers */,
				CE540D9E2FCD0B1C006FA974 /* renders */,
				CE540DA22FCD0B1C006FA974 /* utils */,
				CE540DA32FCD0B1C006FA974 /* Gameplay.hpp */,
				CE540DA42FCD0B1C006FA974 /* Kotonoha.h */,
				CE540DA52FCD0B1C006FA974 /* Kotonoha.hpp */,
				CE540DA62FCD0B1C006FA974 /* version.h */,
			);
			path = Kotonoha;
			sourceTree = "<group>";
		};
		CE540DA82FCD0B1C006FA974 /* include */ = {
			isa = PBXGroup;
			children = (
				CE540DA72FCD0B1C006FA974 /* Kotonoha */,
			);
			name = include;
			path = ../include;
			sourceTree = SOURCE_ROOT;
		};
		CEE78C282FCC37E10002CB9B = {
			isa = PBXGroup;
			children = (
				CE540DA82FCD0B1C006FA974 /* include */,
				CE540D2B2FCD0843006FA974 /* src */,
				CE540CF52FCD0736006FA974 /* Info.plist */,
				CEE78C9C2FCC38DE0002CB9B /* Frameworks */,
				CEE78C322FCC37E10002CB9B /* Products */,
			);
			sourceTree = "<group>";
		};
		CEE78C322FCC37E10002CB9B /* Products */ = {
			isa = PBXGroup;
			children = (
				CEE78C312FCC37E10002CB9B /* KotonohaEngineTest.app */,
			);
			name = Products;
			sourceTree = "<group>";
		};
		CEE78C9C2FCC38DE0002CB9B /* Frameworks */ = {
			isa = PBXGroup;
			children = (
				CE540E2A2FCD0CA9006FA974 /* libass.a */,
				CE540E2F2FCD0CA9006FA974 /* libavcodec.a */,
				CE540E362FCD0CA9006FA974 /* libavdevice.a */,
				CE540E2B2FCD0CA9006FA974 /* libavfilter.a */,
				CE540E3E2FCD0CA9006FA974 /* libavformat.a */,
				CE540E352FCD0CA9006FA974 /* libavutil.a */,
				CE540E322FCD0CA9006FA974 /* libbrotlicommon.a */,
				CE540E342FCD0CA9006FA974 /* libbrotlidec.a */,
				CE540E3A2FCD0CA9006FA974 /* libbrotlienc.a */,
				CE540E3B2FCD0CA9006FA974 /* libbz2.a */,
				CE540E312FCD0CA9006FA974 /* libcharset.a */,
				CE540E2E2FCD0CA9006FA974 /* libexpat.a */,
				CE540E372FCD0CA9006FA974 /* libfontconfig.a */,
				CE540E402FCD0CA9006FA974 /* libfreetype.a */,
				CE540E2C2FCD0CA9006FA974 /* libfribidi.a */,
				CE540E3D2FCD0CA9006FA974 /* libharfbuzz.a */,
				CE540E332FCD0CA9006FA974 /* libharfbuzz-gpu.a */,
				CE540E292FCD0CA9006FA974 /* libharfbuzz-raster.a */,
				CE540E3F2FCD0CA9006FA974 /* libharfbuzz-subset.a */,
				CE540E392FCD0CA9006FA974 /* libharfbuzz-vector.a */,
				CE540E302FCD0CA9006FA974 /* libiconv.a */,
				CE540E3C2FCD0CA9006FA974 /* libpng16.a */,
				CE540E272FCD0CA9006FA974 /* libSDL3.a */,
				CE540E252FCD0CA9006FA974 /* libSDL3_ttf.a */,
				CE540E412FCD0CA9006FA974 /* libswresample.a */,
				CE540E282FCD0CA9006FA974 /* libswscale.a */,
				CE540E382FCD0CA9006FA974 /* libunibreak.a */,
				CE540E262FCD0CA9006FA974 /* libuuid.a */,
				CE540E2D2FCD0CA9006FA974 /* libz.a */,
				CEE78CFE2FCC3AF40002CB9B /* CoreMotion.framework */,
				CEE78CFC2FCC3AE40002CB9B /* QuartzCore.framework */,
				CEE78CFA2FCC3A9B0002CB9B /* VideoToolbox.framework */,
				CEE78CF82FCC3A8E0002CB9B /* OpenGLES.framework */,
				CEE78CF62FCC3A850002CB9B /* UIKit.framework */,
				CEE78CF42FCC3A7D0002CB9B /* Metal.framework */,
				CEE78CF22FCC3A6E0002CB9B /* GameController.framework */,
				CEE78CE12FCC3A450002CB9B /* Accelerate.framework */,
				CEE78CDD2FCC3A450002CB9B /* AudioToolbox.framework */,
				CEE78CDF2FCC3A450002CB9B /* AVFoundation.framework */,
				CEE78CD82FCC3A450002CB9B /* CoreAudio.framework */,
				CEE78CD92FCC3A450002CB9B /* CoreBluetooth.framework */,
				CEE78CDA2FCC3A450002CB9B /* CoreGraphics.framework */,
				CEE78CE22FCC3A450002CB9B /* CoreHaptics.framework */,
				CEE78CE32FCC3A450002CB9B /* CoreMedia.framework */,
				CEE78CDB2FCC3A450002CB9B /* CoreText.framework */,
				CEE78CDC2FCC3A450002CB9B /* CoreVideo.framework */,
				CEE78CDE2FCC3A450002CB9B /* Foundation.framework */,
				CEE78CE02FCC3A450002CB9B /* GLKit.framework */,
			);
			name = Frameworks;
			sourceTree = "<group>";
		};
/* End PBXGroup section */

/* Begin PBXNativeTarget section */
		CEE78C302FCC37E10002CB9B /* KotonohaEngineTest */ = {
			isa = PBXNativeTarget;
			buildConfigurationList = CEE78C4C2FCC37E20002CB9B /* Build configuration list for PBXNativeTarget "KotonohaEngineTest" */;
			buildPhases = (
				CEE78C2D2FCC37E10002CB9B /* Sources */,
				CEE78C2E2FCC37E10002CB9B /* Frameworks */,
				CEE78C2F2FCC37E10002CB9B /* Resources */,
			);
			buildRules = (
			);
			dependencies = (
			);
			name = KotonohaEngineTest;
			packageProductDependencies = (
			);
			productName = KotonohaEngineTest;
			productReference = CEE78C312FCC37E10002CB9B /* KotonohaEngineTest.app */;
			productType = "com.apple.product-type.application";
		};
/* End PBXNativeTarget section */

/* Begin PBXProject section */
		CEE78C292FCC37E10002CB9B /* Project object */ = {
			isa = PBXProject;
			attributes = {
				BuildIndependentTargetsInParallel = 1;
				LastUpgradeCheck = 2650;
				TargetAttributes = {
					CEE78C302FCC37E10002CB9B = {
						CreatedOnToolsVersion = 26.5;
					};
				};
			};
			buildConfigurationList = CEE78C2C2FCC37E10002CB9B /* Build configuration list for PBXProject "KotonohaEngineTest" */;
			developmentRegion = en;
			hasScannedForEncodings = 0;
			knownRegions = (
				en,
				Base,
			);
			mainGroup = CEE78C282FCC37E10002CB9B;
			minimizedProjectReferenceProxies = 1;
			preferredProjectObjectVersion = 77;
			productRefGroup = CEE78C322FCC37E10002CB9B /* Products */;
			projectDirPath = "";
			projectRoot = "";
			targets = (
				CEE78C302FCC37E10002CB9B /* KotonohaEngineTest */,
			);
		};
/* End PBXProject section */

/* Begin PBXResourcesBuildPhase section */
		CEE78C2F2FCC37E10002CB9B /* Resources */ = {
			isa = PBXResourcesBuildPhase;
			buildActionMask = 2147483647;
			files = (
			);
			runOnlyForDeploymentPostprocessing = 0;
		};
/* End PBXResourcesBuildPhase section */

/* Begin PBXSourcesBuildPhase section */
		CEE78C2D2FCC37E10002CB9B /* Sources */ = {
			isa = PBXSourcesBuildPhase;
			buildActionMask = 2147483647;
			files = (
				CE540D2E2FCD0843006FA974 /* Audio.cpp in Sources */,
				CE540D2F2FCD0843006FA974 /* Time.c in Sources */,
				CE540D302FCD0843006FA974 /* Video.cpp in Sources */,
				CE540D312FCD0843006FA974 /* FFmpeg.c in Sources */,
				CE540D322FCD0843006FA974 /* AudioRender.c in Sources */,
				CE540D332FCD0843006FA974 /* ImageRender.c in Sources */,
				CE540D342FCD0843006FA974 /* Ors.c in Sources */,
				CE540D352FCD0843006FA974 /* UserEvents.c in Sources */,
				CE540D362FCD0843006FA974 /* Events.cpp in Sources */,
				CE540D372FCD0843006FA974 /* Kotonoha.cpp in Sources */,
				CE540D382FCD0843006FA974 /* Prompt.cpp in Sources */,
				CE540D392FCD0843006FA974 /* Canvas.cpp in Sources */,
				CE540D3A2FCD0843006FA974 /* IOS.mm in Sources */,
				CE540D3B2FCD0843006FA974 /* VideoRender.c in Sources */,
				CE540D3C2FCD0843006FA974 /* Gameplay.cpp in Sources */,
				CE540D3D2FCD0843006FA974 /* FPSRender.c in Sources */,
				CE540D3E2FCD0843006FA974 /* TimestampRender.c in Sources */,
				CE540D3F2FCD0843006FA974 /* Sound.cpp in Sources */,
				CE540D402FCD0843006FA974 /* TextRender.c in Sources */,
				CE540D412FCD0843006FA974 /* Android.cpp in Sources */,
				CE540D422FCD0843006FA974 /* Image.cpp in Sources */,
			);
			runOnlyForDeploymentPostprocessing = 0;
		};
/* End PBXSourcesBuildPhase section */

/* Begin XCBuildConfiguration section */
		CEE78C4D2FCC37E20002CB9B /* Debug */ = {
			isa = XCBuildConfiguration;
			buildSettings = {
				ASSETCATALOG_COMPILER_APPICON_NAME = AppIcon;
				ASSETCATALOG_COMPILER_GLOBAL_ACCENT_COLOR_NAME = AccentColor;
				ASSETCATALOG_COMPILER_INCLUDE_ALL_APPICON_ASSETS = NO;
				CODE_SIGN_STYLE = Automatic;
				CURRENT_PROJECT_VERSION = 1;
				DEVELOPMENT_ASSET_PATHS = "";
				DEVELOPMENT_TEAM = 64T9B5HFFD;
				GENERATE_INFOPLIST_FILE = YES;
				HEADER_SEARCH_PATHS = (
					"$(PROJECT_DIR)/../include",
					"$(PROJECT_DIR)/../vcpkg_installed/arm64-ios/include",
				);
				INFOPLIST_FILE = Info.plist;
				INFOPLIST_KEY_UIApplicationSupportsIndirectInputEvents = YES;
				INFOPLIST_KEY_UIRequiredDeviceCapabilities = metal;
				INFOPLIST_KEY_UIStatusBarHidden = YES;
				INFOPLIST_KEY_UISupportedInterfaceOrientations_iPad = "UIInterfaceOrientationPortrait UIInterfaceOrientationPortraitUpsideDown UIInterfaceOrientationLandscapeLeft UIInterfaceOrientationLandscapeRight";
				INFOPLIST_KEY_UISupportedInterfaceOrientations_iPhone = "UIInterfaceOrientationPortrait UIInterfaceOrientationLandscapeLeft UIInterfaceOrientationLandscapeRight";
				LD_RUNPATH_SEARCH_PATHS = (
					"$(inherited)",
					"@executable_path/Frameworks",
				);
				LIBRARY_SEARCH_PATHS = (
					"$(PROJECT_DIR)/../vcpkg_installed/arm64-ios/include",
					"$(USER_LIBRARY_DIR)/CloudStorage/OneDrive-Pessoal/Projetos/Antigos/Kotonoha/vcpkg_installed/arm64-ios/lib",
				);
				MARKETING_VERSION = 1.0;
				PRODUCT_BUNDLE_IDENTIFIER = me.hirameki.KotonohaEngineTest;
				PRODUCT_NAME = "$(TARGET_NAME)";
				STRING_CATALOG_GENERATE_SYMBOLS = YES;
				SWIFT_EMIT_LOC_STRINGS = YES;
				TARGETED_DEVICE_FAMILY = "1,2";
			};
			name = Debug;
		};
		CEE78C4E2FCC37E20002CB9B /* Release */ = {
			isa = XCBuildConfiguration;
			buildSettings = {
				ASSETCATALOG_COMPILER_APPICON_NAME = AppIcon;
				ASSETCATALOG_COMPILER_GLOBAL_ACCENT_COLOR_NAME = AccentColor;
				ASSETCATALOG_COMPILER_INCLUDE_ALL_APPICON_ASSETS = NO;
				CODE_SIGN_STYLE = Automatic;
				CURRENT_PROJECT_VERSION = 1;
				DEVELOPMENT_ASSET_PATHS = "";
				DEVELOPMENT_TEAM = 64T9B5HFFD;
				GENERATE_INFOPLIST_FILE = YES;
				HEADER_SEARCH_PATHS = (
					"$(PROJECT_DIR)/../include",
					"$(PROJECT_DIR)/../vcpkg_installed/arm64-ios/include",
				);
				INFOPLIST_FILE = Info.plist;
				INFOPLIST_KEY_UIApplicationSupportsIndirectInputEvents = YES;
				INFOPLIST_KEY_UIRequiredDeviceCapabilities = metal;
				INFOPLIST_KEY_UIStatusBarHidden = YES;
				INFOPLIST_KEY_UISupportedInterfaceOrientations_iPad = "UIInterfaceOrientationPortrait UIInterfaceOrientationPortraitUpsideDown UIInterfaceOrientationLandscapeLeft UIInterfaceOrientationLandscapeRight";
				INFOPLIST_KEY_UISupportedInterfaceOrientations_iPhone = "UIInterfaceOrientationPortrait UIInterfaceOrientationLandscapeLeft UIInterfaceOrientationLandscapeRight";
				LD_RUNPATH_SEARCH_PATHS = (
					"$(inherited)",
					"@executable_path/Frameworks",
				);
				LIBRARY_SEARCH_PATHS = (
					"$(PROJECT_DIR)/../vcpkg_installed/arm64-ios/include",
					"$(USER_LIBRARY_DIR)/CloudStorage/OneDrive-Pessoal/Projetos/Antigos/Kotonoha/vcpkg_installed/arm64-ios/lib",
				);
				MARKETING_VERSION = 1.0;
				PRODUCT_BUNDLE_IDENTIFIER = me.hirameki.KotonohaEngineTest;
				PRODUCT_NAME = "$(TARGET_NAME)";
				STRING_CATALOG_GENERATE_SYMBOLS = YES;
				SWIFT_EMIT_LOC_STRINGS = YES;
				TARGETED_DEVICE_FAMILY = "1,2";
			};
			name = Release;
		};
		CEE78C4F2FCC37E20002CB9B /* Debug */ = {
			isa = XCBuildConfiguration;
			buildSettings = {
				ALWAYS_SEARCH_USER_PATHS = NO;
				ASSETCATALOG_COMPILER_GENERATE_SWIFT_ASSET_SYMBOL_EXTENSIONS = YES;
				CLANG_ANALYZER_NONNULL = YES;
				CLANG_ANALYZER_NUMBER_OBJECT_CONVERSION = YES_AGGRESSIVE;
				CLANG_CXX_LANGUAGE_STANDARD = "gnu++20";
				CLANG_ENABLE_MODULES = YES;
				CLANG_ENABLE_OBJC_ARC = YES;
				CLANG_ENABLE_OBJC_WEAK = YES;
				CLANG_WARN_BLOCK_CAPTURE_AUTORELEASING = YES;
				CLANG_WARN_BOOL_CONVERSION = YES;
				CLANG_WARN_COMMA = YES;
				CLANG_WARN_CONSTANT_CONVERSION = YES;
				CLANG_WARN_DEPRECATED_OBJC_IMPLEMENTATIONS = YES;
				CLANG_WARN_DIRECT_OBJC_ISA_USAGE = YES_ERROR;
				CLANG_WARN_DOCUMENTATION_COMMENTS = YES;
				CLANG_WARN_EMPTY_BODY = YES;
				CLANG_WARN_ENUM_CONVERSION = YES;
				CLANG_WARN_INFINITE_RECURSION = YES;
				CLANG_WARN_INT_CONVERSION = YES;
				CLANG_WARN_NON_LITERAL_NULL_CONVERSION = YES;
				CLANG_WARN_OBJC_IMPLICIT_RETAIN_SELF = YES;
				CLANG_WARN_OBJC_LITERAL_CONVERSION = YES;
				CLANG_WARN_OBJC_ROOT_CLASS = YES_ERROR;
				CLANG_WARN_QUOTED_INCLUDE_IN_FRAMEWORK_HEADER = YES;
				CLANG_WARN_RANGE_LOOP_ANALYSIS = YES;
				CLANG_WARN_STRICT_PROTOTYPES = YES;
				CLANG_WARN_SUSPICIOUS_MOVE = YES;
				CLANG_WARN_UNGUARDED_AVAILABILITY = YES_AGGRESSIVE;
				CLANG_WARN_UNREACHABLE_CODE = YES;
				CLANG_WARN__DUPLICATE_METHOD_MATCH = YES;
				COPY_PHASE_STRIP = NO;
				DEBUG_INFORMATION_FORMAT = dwarf;
				DEVELOPMENT_TEAM = 64T9B5HFFD;
				ENABLE_STRICT_OBJC_MSGSEND = YES;
				ENABLE_TESTABILITY = YES;
				ENABLE_USER_SCRIPT_SANDBOXING = YES;
				GCC_C_LANGUAGE_STANDARD = gnu17;
				GCC_DYNAMIC_NO_PIC = NO;
				GCC_NO_COMMON_BLOCKS = YES;
				GCC_OPTIMIZATION_LEVEL = 0;
				GCC_PREPROCESSOR_DEFINITIONS = (
					"DEBUG=1",
					"$(inherited)",
				);
				GCC_WARN_64_TO_32_BIT_CONVERSION = YES;
				GCC_WARN_ABOUT_RETURN_TYPE = YES_ERROR;
				GCC_WARN_UNDECLARED_SELECTOR = YES;
				GCC_WARN_UNINITIALIZED_AUTOS = YES_AGGRESSIVE;
				GCC_WARN_UNUSED_FUNCTION = YES;
				GCC_WARN_UNUSED_VARIABLE = YES;
				IPHONEOS_DEPLOYMENT_TARGET = 26.5;
				LOCALIZATION_PREFERS_STRING_CATALOGS = YES;
				MTL_ENABLE_DEBUG_INFO = INCLUDE_SOURCE;
				MTL_FAST_MATH = YES;
				ONLY_ACTIVE_ARCH = YES;
				SDKROOT = iphoneos;
			};
			name = Debug;
		};
		CEE78C502FCC37E20002CB9B /* Release */ = {
			isa = XCBuildConfiguration;
			buildSettings = {
				ALWAYS_SEARCH_USER_PATHS = NO;
				ASSETCATALOG_COMPILER_GENERATE_SWIFT_ASSET_SYMBOL_EXTENSIONS = YES;
				CLANG_ANALYZER_NONNULL = YES;
				CLANG_ANALYZER_NUMBER_OBJECT_CONVERSION = YES_AGGRESSIVE;
				CLANG_CXX_LANGUAGE_STANDARD = "gnu++20";
				CLANG_ENABLE_MODULES = YES;
				CLANG_ENABLE_OBJC_ARC = YES;
				CLANG_ENABLE_OBJC_WEAK = YES;
				CLANG_WARN_BLOCK_CAPTURE_AUTORELEASING = YES;
				CLANG_WARN_BOOL_CONVERSION = YES;
				CLANG_WARN_COMMA = YES;
				CLANG_WARN_CONSTANT_CONVERSION = YES;
				CLANG_WARN_DEPRECATED_OBJC_IMPLEMENTATIONS = YES;
				CLANG_WARN_DIRECT_OBJC_ISA_USAGE = YES_ERROR;
				CLANG_WARN_DOCUMENTATION_COMMENTS = YES;
				CLANG_WARN_EMPTY_BODY = YES;
				CLANG_WARN_ENUM_CONVERSION = YES;
				CLANG_WARN_INFINITE_RECURSION = YES;
				CLANG_WARN_INT_CONVERSION = YES;
				CLANG_WARN_NON_LITERAL_NULL_CONVERSION = YES;
				CLANG_WARN_OBJC_IMPLICIT_RETAIN_SELF = YES;
				CLANG_WARN_OBJC_LITERAL_CONVERSION = YES;
				CLANG_WARN_OBJC_ROOT_CLASS = YES_ERROR;
				CLANG_WARN_QUOTED_INCLUDE_IN_FRAMEWORK_HEADER = YES;
				CLANG_WARN_RANGE_LOOP_ANALYSIS = YES;
				CLANG_WARN_STRICT_PROTOTYPES = YES;
				CLANG_WARN_SUSPICIOUS_MOVE = YES;
				CLANG_WARN_UNGUARDED_AVAILABILITY = YES_AGGRESSIVE;
				CLANG_WARN_UNREACHABLE_CODE = YES;
				CLANG_WARN__DUPLICATE_METHOD_MATCH = YES;
				COPY_PHASE_STRIP = NO;
				DEBUG_INFORMATION_FORMAT = "dwarf-with-dsym";
				DEVELOPMENT_TEAM = 64T9B5HFFD;
				ENABLE_NS_ASSERTIONS = NO;
				ENABLE_STRICT_OBJC_MSGSEND = YES;
				ENABLE_USER_SCRIPT_SANDBOXING = YES;
				GCC_C_LANGUAGE_STANDARD = gnu17;
				GCC_NO_COMMON_BLOCKS = YES;
				GCC_WARN_64_TO_32_BIT_CONVERSION = YES;
				GCC_WARN_ABOUT_RETURN_TYPE = YES_ERROR;
				GCC_WARN_UNDECLARED_SELECTOR = YES;
				GCC_WARN_UNINITIALIZED_AUTOS = YES_AGGRESSIVE;
				GCC_WARN_UNUSED_FUNCTION = YES;
				GCC_WARN_UNUSED_VARIABLE = YES;
				IPHONEOS_DEPLOYMENT_TARGET = 26.5;
				LOCALIZATION_PREFERS_STRING_CATALOGS = YES;
				MTL_ENABLE_DEBUG_INFO = NO;
				MTL_FAST_MATH = YES;
				SDKROOT = iphoneos;
				VALIDATE_PRODUCT = YES;
			};
			name = Release;
		};
/* End XCBuildConfiguration section */

/* Begin XCConfigurationList section */
		CEE78C2C2FCC37E10002CB9B /* Build configuration list for PBXProject "KotonohaEngineTest" */ = {
			isa = XCConfigurationList;
			buildConfigurations = (
				CEE78C4F2FCC37E20002CB9B /* Debug */,
				CEE78C502FCC37E20002CB9B /* Release */,
			);
			defaultConfigurationIsVisible = 0;
			defaultConfigurationName = Release;
		};
		CEE78C4C2FCC37E20002CB9B /* Build configuration list for PBXNativeTarget "KotonohaEngineTest" */ = {
			isa = XCConfigurationList;
			buildConfigurations = (
				CEE78C4D2FCC37E20002CB9B /* Debug */,
				CEE78C4E2FCC37E20002CB9B /* Release */,
			);
			defaultConfigurationIsVisible = 0;
			defaultConfigurationName = Release;
		};
/* End XCConfigurationList section */
	};
	rootObject = CEE78C292FCC37E10002CB9B /* Project object */;
}
