<?xml version="1.0" encoding="utf-8"?>
<Project ToolsVersion="4.0" xmlns="http://schemas.microsoft.com/developer/msbuild/2003">
  <ItemGroup>
    <ClCompile Include="..\..\imgui\imgui.cpp">
      <Filter>Imgui</Filter>
    </ClCompile>
    <ClCompile Include="..\..\imgui\imgui_demo.cpp">
      <Filter>Imgui</Filter>
    </ClCompile>
    <ClCompile Include="..\..\imgui\imgui_draw.cpp">
      <Filter>Imgui</Filter>
    </ClCompile>
    <ClCompile Include="..\..\imgui\imgui_tables.cpp">
      <Filter>Imgui</Filter>
    </ClCompile>
    <ClCompile Include="..\..\imgui\imgui_widgets.cpp">
      <Filter>Imgui</Filter>
    </ClCompile>
    <ClCompile Include="..\..\imgui\backends\imgui_impl_sdl2.cpp">
      <Filter>Imgui</Filter>
    </ClCompile>
    <ClCompile Include="..\..\imgui\backends\imgui_impl_sdlrenderer2.cpp">
      <Filter>Imgui</Filter>
    </ClCompile>
    <ClCompile Include="..\libsdl\zlib\adler32.c">
      <Filter>zlib</Filter>
    </ClCompile>
    <ClCompile Include="..\libsdl\zlib\compress.c">
      <Filter>zlib</Filter>
    </ClCompile>
    <ClCompile Include="..\libsdl\zlib\crc32.c">
      <Filter>zlib</Filter>
    </ClCompile>
    <ClCompile Include="..\libsdl\zlib\deflate.c">
      <Filter>zlib</Filter>
    </ClCompile>
    <ClCompile Include="..\libsdl\zlib\gzclose.c">
      <Filter>zlib</Filter>
    </ClCompile>
    <ClCompile Include="..\libsdl\zlib\gzlib.c">
      <Filter>zlib</Filter>
    </ClCompile>
    <ClCompile Include="..\libsdl\zlib\gzread.c">
      <Filter>zlib</Filter>
    </ClCompile>
    <ClCompile Include="..\libsdl\zlib\gzwrite.c">
      <Filter>zlib</Filter>
    </ClCompile>
    <ClCompile Include="..\libsdl\zlib\infback.c">
      <Filter>zlib</Filter>
    </ClCompile>
    <ClCompile Include="..\libsdl\zlib\inffast.c">
      <Filter>zlib</Filter>
    </ClCompile>
    <ClCompile Include="..\libsdl\zlib\inflate.c">
      <Filter>zlib</Filter>
    </ClCompile>
    <ClCompile Include="..\libsdl\zlib\inftrees.c">
      <Filter>zlib</Filter>
    </ClCompile>
    <ClCompile Include="..\libsdl\zlib\trees.c">
      <Filter>zlib</Filter>
    </ClCompile>
    <ClCompile Include="..\libsdl\zlib\uncompr.c">
      <Filter>zlib</Filter>
    </ClCompile>
    <ClCompile Include="..\libsdl\zlib\zutil.c">
      <Filter>zlib</Filter>
    </ClCompile>
    <ClCompile Include="..\..\Kotonoha.cpp" />
  </ItemGroup>
  <ItemGroup>
    <Filter Include="Imgui">
      <UniqueIdentifier>{7b0e7dd9-8497-4365-94d7-4fcd74f94bbb}</UniqueIdentifier>
    </Filter>
    <Filter Include="zlib">
      <UniqueIdentifier>{cfcf2a8f-e44c-464a-a9ed-b63d96e3a606}</UniqueIdentifier>
    </Filter>
  </ItemGroup>
  <ItemGroup>
    <ClInclude Include="..\..\Audio.h" />
    <ClInclude Include="..\..\Data.h" />
    <ClInclude Include="..\..\Game.h" />
    <ClInclude Include="..\..\Headers.h" />
    <ClInclude Include="..\..\Icon.h" />
    <ClInclude Include="..\..\Image.h" />
    <ClInclude Include="..\..\MacroHeaders.h" />
    <ClInclude Include="..\..\MainLoop.h" />
    <ClInclude Include="..\..\Menu.h" />
    <ClInclude Include="..\..\Ors.h" />
    <ClInclude Include="..\..\Prompt.h" />
    <ClInclude Include="..\..\resource.h" />
    <ClInclude Include="..\..\Text.h" />
    <ClInclude Include="..\..\Ui.h" />
    <ClInclude Include="..\..\Utils.h" />
    <ClInclude Include="..\..\Video.h" />
  </ItemGroup>
</Project>