<?xml version="1.0" encoding="utf-8"?>
<Project ToolsVersion="4.0" xmlns="http://schemas.microsoft.com/developer/msbuild/2003">
  <ItemGroup>
    <Filter Include="Imgui">
      <UniqueIdentifier>{1b826afe-b636-4a7c-8c1f-6e5262059294}</UniqueIdentifier>
    </Filter>
    <Filter Include="Imgui Blindings">
      <UniqueIdentifier>{93995380-89BD-4b04-88EB-625FBE52EBFB}</UniqueIdentifier>
      <Extensions>h;hh;hpp;hxx;h++;hm;inl;inc;ipp;xsd</Extensions>
    </Filter>
    <Filter Include="Kotonoha Headers">
      <UniqueIdentifier>{67DA6AB6-F800-4c08-8B7A-83BB121AAD01}</UniqueIdentifier>
      <Extensions>rc;ico;cur;bmp;dlg;rc2;rct;bin;rgs;gif;jpg;jpeg;jpe;resx;tiff;tif;png;wav;mfcribbon-ms</Extensions>
    </Filter>
    <Filter Include="Kotonoha Source">
      <UniqueIdentifier>{4b22242f-ebc9-41e9-ab66-866913b5580b}</UniqueIdentifier>
    </Filter>
  </ItemGroup>
  <ItemGroup>
    <ClCompile Include="Dep\imgui\imgui.cpp">
      <Filter>Imgui</Filter>
    </ClCompile>
    <ClCompile Include="Dep\imgui\imgui_demo.cpp">
      <Filter>Imgui</Filter>
    </ClCompile>
    <ClCompile Include="Dep\imgui\imgui_draw.cpp">
      <Filter>Imgui</Filter>
    </ClCompile>
    <ClCompile Include="Dep\imgui\imgui_tables.cpp">
      <Filter>Imgui</Filter>
    </ClCompile>
    <ClCompile Include="Dep\imgui\imgui_widgets.cpp">
      <Filter>Imgui</Filter>
    </ClCompile>
    <ClCompile Include="Dep\imgui\backends\imgui_impl_sdlrenderer2.cpp">
      <Filter>Imgui Blindings</Filter>
    </ClCompile>
    <ClCompile Include="Dep\imgui\backends\imgui_impl_sdl2.cpp">
      <Filter>Imgui Blindings</Filter>
    </ClCompile>
    <ClCompile Include="Kotonoha.cpp">
      <Filter>Kotonoha Source</Filter>
    </ClCompile>
  </ItemGroup>
  <ItemGroup>
    <ClInclude Include="Dep\imgui\imconfig.h">
      <Filter>Imgui</Filter>
    </ClInclude>
    <ClInclude Include="Dep\imgui\imgui.h">
      <Filter>Imgui</Filter>
    </ClInclude>
    <ClInclude Include="Dep\imgui\imgui_internal.h">
      <Filter>Imgui</Filter>
    </ClInclude>
    <ClInclude Include="Dep\imgui\imstb_rectpack.h">
      <Filter>Imgui</Filter>
    </ClInclude>
    <ClInclude Include="Dep\imgui\imstb_textedit.h">
      <Filter>Imgui</Filter>
    </ClInclude>
    <ClInclude Include="Dep\imgui\imstb_truetype.h">
      <Filter>Imgui</Filter>
    </ClInclude>
    <ClInclude Include="Dep\imgui\backends\imgui_impl_sdlrenderer2.h">
      <Filter>Imgui Blindings</Filter>
    </ClInclude>
    <ClInclude Include="Dep\imgui\backends\imgui_impl_sdl2.h">
      <Filter>Imgui Blindings</Filter>
    </ClInclude>
    <ClInclude Include="Audio.h">
      <Filter>Kotonoha Headers</Filter>
    </ClInclude>
    <ClInclude Include="Data.h">
      <Filter>Kotonoha Headers</Filter>
    </ClInclude>
    <ClInclude Include="Game.h">
      <Filter>Kotonoha Headers</Filter>
    </ClInclude>
    <ClInclude Include="Headers.h">
      <Filter>Kotonoha Headers</Filter>
    </ClInclude>
    <ClInclude Include="Image.h">
      <Filter>Kotonoha Headers</Filter>
    </ClInclude>
    <ClInclude Include="MainLoop.h">
      <Filter>Kotonoha Headers</Filter>
    </ClInclude>
    <ClInclude Include="Menu.h">
      <Filter>Kotonoha Headers</Filter>
    </ClInclude>
    <ClInclude Include="Ors.h">
      <Filter>Kotonoha Headers</Filter>
    </ClInclude>
    <ClInclude Include="Prompt.h">
      <Filter>Kotonoha Headers</Filter>
    </ClInclude>
    <ClInclude Include="Text.h">
      <Filter>Kotonoha Headers</Filter>
    </ClInclude>
    <ClInclude Include="Ui.h">
      <Filter>Kotonoha Headers</Filter>
    </ClInclude>
    <ClInclude Include="Utils.h">
      <Filter>Kotonoha Headers</Filter>
    </ClInclude>
    <ClInclude Include="Video.h">
      <Filter>Kotonoha Headers</Filter>
    </ClInclude>
    <ClInclude Include="resource.h">
      <Filter>Kotonoha Headers</Filter>
    </ClInclude>
    <ClInclude Include="MacroHeaders.h">
      <Filter>Kotonoha Headers</Filter>
    </ClInclude>
    <ClInclude Include="Icon.h">
      <Filter>Kotonoha Headers</Filter>
    </ClInclude>
  </ItemGroup>
  <ItemGroup>
    <None Include="Dep\imgui\misc\debuggers\imgui.natstepfilter">
      <Filter>Imgui</Filter>
    </None>
  </ItemGroup>
  <ItemGroup>
    <Natvis Include="Dep\imgui\misc\debuggers\imgui.natvis">
      <Filter>Imgui</Filter>
    </Natvis>
  </ItemGroup>
  <ItemGroup>
    <ResourceCompile Include="Kotonoha1.rc">
      <Filter>Kotonoha Source</Filter>
    </ResourceCompile>
  </ItemGroup>
  <ItemGroup>
    <Image Include="icon.ico">
      <Filter>Kotonoha Headers</Filter>
    </Image>
  </ItemGroup>
</Project>