<?xml version="1.0" encoding="utf-8"?>
<Project ToolsVersion="4.0" xmlns="http://schemas.microsoft.com/developer/msbuild/2003">
  <ItemGroup>
    <Filter Include="Kotonoha Headers">
      <UniqueIdentifier>{67DA6AB6-F800-4c08-8B7A-83BB121AAD01}</UniqueIdentifier>
      <Extensions>rc;ico;cur;bmp;dlg;rc2;rct;bin;rgs;gif;jpg;jpeg;jpe;resx;tiff;tif;png;wav;mfcribbon-ms</Extensions>
    </Filter>
    <Filter Include="Kotonoha Source">
      <UniqueIdentifier>{4b22242f-ebc9-41e9-ab66-866913b5580b}</UniqueIdentifier>
    </Filter>
    <Filter Include="Imgui">
      <UniqueIdentifier>{473a2708-eb65-49bf-8697-12f926f82d24}</UniqueIdentifier>
    </Filter>
  </ItemGroup>
  <ItemGroup>
    <ClCompile Include="src\Kotonoha.cpp">
      <Filter>Kotonoha Source</Filter>
    </ClCompile>
    <ClCompile Include="imgui\imgui.cpp">
      <Filter>Imgui</Filter>
    </ClCompile>
    <ClCompile Include="imgui\imgui_demo.cpp">
      <Filter>Imgui</Filter>
    </ClCompile>
    <ClCompile Include="imgui\imgui_draw.cpp">
      <Filter>Imgui</Filter>
    </ClCompile>
    <ClCompile Include="imgui\imgui_tables.cpp">
      <Filter>Imgui</Filter>
    </ClCompile>
    <ClCompile Include="imgui\imgui_widgets.cpp">
      <Filter>Imgui</Filter>
    </ClCompile>
    <ClCompile Include="imgui\backends\imgui_impl_sdlrenderer2.cpp">
      <Filter>Imgui</Filter>
    </ClCompile>
    <ClCompile Include="imgui\backends\imgui_impl_sdl2.cpp">
      <Filter>Imgui</Filter>
    </ClCompile>
  </ItemGroup>
  <ItemGroup>
    <None Include="src\Icon.hdata">
      <Filter>Kotonoha Headers</Filter>
    </None>
    <None Include="Makefile" />
    <None Include="README.md" />
  </ItemGroup>
  <ItemGroup>
    <ClInclude Include="src\MacroHeaders.h">
      <Filter>Kotonoha Headers</Filter>
    </ClInclude>
    <ClInclude Include="src\MainLoop.h">
      <Filter>Kotonoha Headers</Filter>
    </ClInclude>
    <ClInclude Include="src\Menu.h">
      <Filter>Kotonoha Headers</Filter>
    </ClInclude>
    <ClInclude Include="src\Ors.h">
      <Filter>Kotonoha Headers</Filter>
    </ClInclude>
    <ClInclude Include="src\Prompt.h">
      <Filter>Kotonoha Headers</Filter>
    </ClInclude>
    <ClInclude Include="src\Headers.h">
      <Filter>Kotonoha Headers</Filter>
    </ClInclude>
    <ClInclude Include="src\Video.h">
      <Filter>Kotonoha Headers</Filter>
    </ClInclude>
    <ClInclude Include="src\Utils.h">
      <Filter>Kotonoha Headers</Filter>
    </ClInclude>
    <ClInclude Include="src\Ui.h">
      <Filter>Kotonoha Headers</Filter>
    </ClInclude>
    <ClInclude Include="src\Text.h">
      <Filter>Kotonoha Headers</Filter>
    </ClInclude>
    <ClInclude Include="src\Start.h">
      <Filter>Kotonoha Headers</Filter>
    </ClInclude>
    <ClInclude Include="src\Image.h">
      <Filter>Kotonoha Headers</Filter>
    </ClInclude>
    <ClInclude Include="src\Game.h">
      <Filter>Kotonoha Headers</Filter>
    </ClInclude>
    <ClInclude Include="src\Data.h">
      <Filter>Kotonoha Headers</Filter>
    </ClInclude>
    <ClInclude Include="src\Audio.h">
      <Filter>Kotonoha Headers</Filter>
    </ClInclude>
    <ClInclude Include="src\resource.h">
      <Filter>Kotonoha Headers</Filter>
    </ClInclude>
  </ItemGroup>
  <ItemGroup>
    <ResourceCompile Include="src\Kotonoha.rc">
      <Filter>Kotonoha Source</Filter>
    </ResourceCompile>
  </ItemGroup>
</Project>