
Microsoft Visual Studio Solution File, Format Version 12.00
# Visual Studio Version 17
VisualStudioVersion = 17.7.34202.233
MinimumVisualStudioVersion = 10.0.40219.1
Project("{39E2626F-3545-4960-A6E8-258AD8476CE5}") = "Kotonoha_Android", "Kotonoha_Android.androidproj", "{2F0005AE-B06F-4954-92C7-A668C91340E6}"
EndProject
Project("{8BC9CEB8-8B4A-11D0-8D11-00A0C91BC942}") = "SDL2", "SDL2\SDL2.vcxproj", "{75B7C29F-4ABD-444F-9750-3B056593D880}"
EndProject
Project("{8BC9CEB8-8B4A-11D0-8D11-00A0C91BC942}") = "Kotonoha", "main\main.vcxproj", "{B7F3A6F1-0359-4427-925D-4A6D1C979B61}"
EndProject
Global
	GlobalSection(SolutionConfigurationPlatforms) = preSolution
		Debug|ARM = Debug|ARM
		Debug|ARM64 = Debug|ARM64
		Debug|x64 = Debug|x64
		Debug|x86 = Debug|x86
		Release|ARM = Release|ARM
		Release|ARM64 = Release|ARM64
		Release|x64 = Release|x64
		Release|x86 = Release|x86
	EndGlobalSection
	GlobalSection(ProjectConfigurationPlatforms) = postSolution
		{2F0005AE-B06F-4954-92C7-A668C91340E6}.Debug|ARM.ActiveCfg = Debug|ARM
		{2F0005AE-B06F-4954-92C7-A668C91340E6}.Debug|ARM.Build.0 = Debug|ARM
		{2F0005AE-B06F-4954-92C7-A668C91340E6}.Debug|ARM.Deploy.0 = Debug|ARM
		{2F0005AE-B06F-4954-92C7-A668C91340E6}.Debug|ARM64.ActiveCfg = Debug|ARM64
		{2F0005AE-B06F-4954-92C7-A668C91340E6}.Debug|ARM64.Build.0 = Debug|ARM64
		{2F0005AE-B06F-4954-92C7-A668C91340E6}.Debug|ARM64.Deploy.0 = Debug|ARM64
		{2F0005AE-B06F-4954-92C7-A668C91340E6}.Debug|x64.ActiveCfg = Debug|x64
		{2F0005AE-B06F-4954-92C7-A668C91340E6}.Debug|x64.Build.0 = Debug|x64
		{2F0005AE-B06F-4954-92C7-A668C91340E6}.Debug|x64.Deploy.0 = Debug|x64
		{2F0005AE-B06F-4954-92C7-A668C91340E6}.Debug|x86.ActiveCfg = Debug|x86
		{2F0005AE-B06F-4954-92C7-A668C91340E6}.Debug|x86.Build.0 = Debug|x86
		{2F0005AE-B06F-4954-92C7-A668C91340E6}.Debug|x86.Deploy.0 = Debug|x86
		{2F0005AE-B06F-4954-92C7-A668C91340E6}.Release|ARM.ActiveCfg = Release|ARM
		{2F0005AE-B06F-4954-92C7-A668C91340E6}.Release|ARM.Build.0 = Release|ARM
		{2F0005AE-B06F-4954-92C7-A668C91340E6}.Release|ARM.Deploy.0 = Release|ARM
		{2F0005AE-B06F-4954-92C7-A668C91340E6}.Release|ARM64.ActiveCfg = Release|ARM64
		{2F0005AE-B06F-4954-92C7-A668C91340E6}.Release|ARM64.Build.0 = Release|ARM64
		{2F0005AE-B06F-4954-92C7-A668C91340E6}.Release|ARM64.Deploy.0 = Release|ARM64
		{2F0005AE-B06F-4954-92C7-A668C91340E6}.Release|x64.ActiveCfg = Release|x64
		{2F0005AE-B06F-4954-92C7-A668C91340E6}.Release|x64.Build.0 = Release|x64
		{2F0005AE-B06F-4954-92C7-A668C91340E6}.Release|x64.Deploy.0 = Release|x64
		{2F0005AE-B06F-4954-92C7-A668C91340E6}.Release|x86.ActiveCfg = Release|x86
		{2F0005AE-B06F-4954-92C7-A668C91340E6}.Release|x86.Build.0 = Release|x86
		{2F0005AE-B06F-4954-92C7-A668C91340E6}.Release|x86.Deploy.0 = Release|x86
		{75B7C29F-4ABD-444F-9750-3B056593D880}.Debug|ARM.ActiveCfg = Debug|ARM
		{75B7C29F-4ABD-444F-9750-3B056593D880}.Debug|ARM.Build.0 = Debug|ARM
		{75B7C29F-4ABD-444F-9750-3B056593D880}.Debug|ARM64.ActiveCfg = Debug|ARM64
		{75B7C29F-4ABD-444F-9750-3B056593D880}.Debug|ARM64.Build.0 = Debug|ARM64
		{75B7C29F-4ABD-444F-9750-3B056593D880}.Debug|x64.ActiveCfg = Debug|x64
		{75B7C29F-4ABD-444F-9750-3B056593D880}.Debug|x64.Build.0 = Debug|x64
		{75B7C29F-4ABD-444F-9750-3B056593D880}.Debug|x86.ActiveCfg = Debug|x86
		{75B7C29F-4ABD-444F-9750-3B056593D880}.Debug|x86.Build.0 = Debug|x86
		{75B7C29F-4ABD-444F-9750-3B056593D880}.Release|ARM.ActiveCfg = Release|ARM
		{75B7C29F-4ABD-444F-9750-3B056593D880}.Release|ARM.Build.0 = Release|ARM
		{75B7C29F-4ABD-444F-9750-3B056593D880}.Release|ARM64.ActiveCfg = Release|ARM64
		{75B7C29F-4ABD-444F-9750-3B056593D880}.Release|ARM64.Build.0 = Release|ARM64
		{75B7C29F-4ABD-444F-9750-3B056593D880}.Release|x64.ActiveCfg = Release|x64
		{75B7C29F-4ABD-444F-9750-3B056593D880}.Release|x64.Build.0 = Release|x64
		{75B7C29F-4ABD-444F-9750-3B056593D880}.Release|x86.ActiveCfg = Release|x86
		{75B7C29F-4ABD-444F-9750-3B056593D880}.Release|x86.Build.0 = Release|x86
		{B7F3A6F1-0359-4427-925D-4A6D1C979B61}.Debug|ARM.ActiveCfg = Debug|ARM
		{B7F3A6F1-0359-4427-925D-4A6D1C979B61}.Debug|ARM.Build.0 = Debug|ARM
		{B7F3A6F1-0359-4427-925D-4A6D1C979B61}.Debug|ARM64.ActiveCfg = Debug|ARM64
		{B7F3A6F1-0359-4427-925D-4A6D1C979B61}.Debug|ARM64.Build.0 = Debug|ARM64
		{B7F3A6F1-0359-4427-925D-4A6D1C979B61}.Debug|x64.ActiveCfg = Debug|x64
		{B7F3A6F1-0359-4427-925D-4A6D1C979B61}.Debug|x64.Build.0 = Debug|x64
		{B7F3A6F1-0359-4427-925D-4A6D1C979B61}.Debug|x86.ActiveCfg = Debug|x86
		{B7F3A6F1-0359-4427-925D-4A6D1C979B61}.Debug|x86.Build.0 = Debug|x86
		{B7F3A6F1-0359-4427-925D-4A6D1C979B61}.Release|ARM.ActiveCfg = Release|ARM
		{B7F3A6F1-0359-4427-925D-4A6D1C979B61}.Release|ARM.Build.0 = Release|ARM
		{B7F3A6F1-0359-4427-925D-4A6D1C979B61}.Release|ARM64.ActiveCfg = Release|ARM64
		{B7F3A6F1-0359-4427-925D-4A6D1C979B61}.Release|ARM64.Build.0 = Release|ARM64
		{B7F3A6F1-0359-4427-925D-4A6D1C979B61}.Release|x64.ActiveCfg = Release|x64
		{B7F3A6F1-0359-4427-925D-4A6D1C979B61}.Release|x64.Build.0 = Release|x64
		{B7F3A6F1-0359-4427-925D-4A6D1C979B61}.Release|x86.ActiveCfg = Release|x86
		{B7F3A6F1-0359-4427-925D-4A6D1C979B61}.Release|x86.Build.0 = Release|x86
	EndGlobalSection
	GlobalSection(SolutionProperties) = preSolution
		HideSolutionNode = FALSE
	EndGlobalSection
	GlobalSection(ExtensibilityGlobals) = postSolution
		SolutionGuid = {E96FDFE4-D4B2-49FD-87D3-BAA650D301DE}
	EndGlobalSection
EndGlobal
